
Microsoft Visual Studio Solution File, Format Version 12.00
# Visual Studio Version 16
VisualStudioVersion = 16.0.32602.291
MinimumVisualStudioVersion = 10.0.40219.1
Project("{9A19103F-16F7-4668-BE54-9A1E7A4F7556}") = "Rider_Printer_API", "Rider_Printer_API\Rider_Printer_API.csproj", "{7F1BC6B2-4FAB-434F-AB21-73C27809A9DF}"
EndProject
Project("{FAE04EC0-301F-11D3-BF4B-00C04F79EFBC}") = "Qmanja_BAL", "Qmanja_BAL\Qmanja_BAL.csproj", "{7A22FAB1-2158-45DD-A07B-E3047E72C123}"
EndProject
Project("{FAE04EC0-301F-11D3-BF4B-00C04F79EFBC}") = "Qmanja_DAL", "Qmanja_DAL\Qmanja_DAL.csproj", "{8213C0BF-CD75-4526-B757-A003005DAA8F}"
EndProject
Global
	GlobalSection(SolutionConfigurationPlatforms) = preSolution
		Debug|Any CPU = Debug|Any CPU
		Release|Any CPU = Release|Any CPU
	EndGlobalSection
	GlobalSection(ProjectConfigurationPlatforms) = postSolution
		{7F1BC6B2-4FAB-434F-AB21-73C27809A9DF}.Debug|Any CPU.ActiveCfg = Debug|Any CPU
		{7F1BC6B2-4FAB-434F-AB21-73C27809A9DF}.Debug|Any CPU.Build.0 = Debug|Any CPU
		{7F1BC6B2-4FAB-434F-AB21-73C27809A9DF}.Release|Any CPU.ActiveCfg = Release|Any CPU
		{7F1BC6B2-4FAB-434F-AB21-73C27809A9DF}.Release|Any CPU.Build.0 = Release|Any CPU
		{7A22FAB1-2158-45DD-A07B-E3047E72C123}.Debug|Any CPU.ActiveCfg = Debug|Any CPU
		{7A22FAB1-2158-45DD-A07B-E3047E72C123}.Debug|Any CPU.Build.0 = Debug|Any CPU
		{7A22FAB1-2158-45DD-A07B-E3047E72C123}.Release|Any CPU.ActiveCfg = Release|Any CPU
		{7A22FAB1-2158-45DD-A07B-E3047E72C123}.Release|Any CPU.Build.0 = Release|Any CPU
		{8213C0BF-CD75-4526-B757-A003005DAA8F}.Debug|Any CPU.ActiveCfg = Debug|Any CPU
		{8213C0BF-CD75-4526-B757-A003005DAA8F}.Debug|Any CPU.Build.0 = Debug|Any CPU
		{8213C0BF-CD75-4526-B757-A003005DAA8F}.Release|Any CPU.ActiveCfg = Release|Any CPU
		{8213C0BF-CD75-4526-B757-A003005DAA8F}.Release|Any CPU.Build.0 = Release|Any CPU
	EndGlobalSection
	GlobalSection(SolutionProperties) = preSolution
		HideSolutionNode = FALSE
	EndGlobalSection
	GlobalSection(ExtensibilityGlobals) = postSolution
		SolutionGuid = {3961D034-AE90-4ED7-980C-96DFBDECAA2A}
	EndGlobalSection
EndGlobal
